
Microsoft Visual Studio Solution File, Format Version 12.00
# Visual Studio Version 16
VisualStudioVersion = 16.0.33529.622
MinimumVisualStudioVersion = 10.0.40219.1
Project("{FAE04EC0-301F-11D3-BF4B-00C04F79EFBC}") = "UNAN", "UNAN\UNAN.csproj", "{BA74910E-DA3C-4788-9E24-DC4FDFC8211B}"
EndProject
Global
	GlobalSection(SolutionConfigurationPlatforms) = preSolution
		Debug|Any CPU = Debug|Any CPU
		Release|Any CPU = Release|Any CPU
	EndGlobalSection
	GlobalSection(ProjectConfigurationPlatforms) = postSolution
		{BA74910E-DA3C-4788-9E24-DC4FDFC8211B}.Debug|Any CPU.ActiveCfg = Debug|Any CPU
		{BA74910E-DA3C-4788-9E24-DC4FDFC8211B}.Debug|Any CPU.Build.0 = Debug|Any CPU
		{BA74910E-DA3C-4788-9E24-DC4FDFC8211B}.Release|Any CPU.ActiveCfg = Release|Any CPU
		{BA74910E-DA3C-4788-9E24-DC4FDFC8211B}.Release|Any CPU.Build.0 = Release|Any CPU
	EndGlobalSection
	GlobalSection(SolutionProperties) = preSolution
		HideSolutionNode = FALSE
	EndGlobalSection
	GlobalSection(ExtensibilityGlobals) = postSolution
		SolutionGuid = {29B7455C-8965-4466-8379-496FDBD0C692}
	EndGlobalSection
EndGlobal
